// !$*UTF8*$!
{
	archiveVersion = 1;
	classes = {
	};
	objectVersion = 46;
	objects = {

/* Begin PBXBuildFile section */
		7DBCEAFD1848E15D003E74E6 /* Foundation.framework in Frameworks */ = {isa = PBXBuildFile; fileRef = 7DBCEAFC1848E15D003E74E6 /* Foundation.framework */; };
		7DBCEAFF1848E15D003E74E6 /* CoreGraphics.framework in Frameworks */ = {isa = PBXBuildFile; fileRef = 7DBCEAFE1848E15D003E74E6 /* CoreGraphics.framework */; };
		7DBCEB011848E15D003E74E6 /* UIKit.framework in Frameworks */ = {isa = PBXBuildFile; fileRef = 7DBCEB001848E15D003E74E6 /* UIKit.framework */; };
		7DBCEB071848E15D003E74E6 /* InfoPlist.strings in Resources */ = {isa = PBXBuildFile; fileRef = 7DBCEB051848E15D003E74E6 /* InfoPlist.strings */; };
		7DBCEB091848E15D003E74E6 /* main.m in Sources */ = {isa = PBXBuildFile; fileRef = 7DBCEB081848E15D003E74E6 /* main.m */; };
		7DBCEB0D1848E15D003E74E6 /* EDAppDelegate.m in Sources */ = {isa = PBXBuildFile; fileRef = 7DBCEB0C1848E15D003E74E6 /* EDAppDelegate.m */; };
		7DBCEB101848E15D003E74E6 /* Main.storyboard in Resources */ = {isa = PBXBuildFile; fileRef = 7DBCEB0E1848E15D003E74E6 /* Main.storyboard */; };
		7DBCEB131848E15D003E74E6 /* EDViewController.m in Sources */ = {isa = PBXBuildFile; fileRef = 7DBCEB121848E15D003E74E6 /* EDViewController.m */; };
		7DBCEB151848E15D003E74E6 /* Images.xcassets in Resources */ = {isa = PBXBuildFile; fileRef = 7DBCEB141848E15D003E74E6 /* Images.xcassets */; };
		7DBCEB1C1848E15D003E74E6 /* XCTest.framework in Frameworks */ = {isa = PBXBuildFile; fileRef = 7DBCEB1B1848E15D003E74E6 /* XCTest.framework */; };
		7DBCEB1D1848E15D003E74E6 /* Foundation.framework in Frameworks */ = {isa = PBXBuildFile; fileRef = 7DBCEAFC1848E15D003E74E6 /* Foundation.framework */; };
		7DBCEB1E1848E15D003E74E6 /* UIKit.framework in Frameworks */ = {isa = PBXBuildFile; fileRef = 7DBCEB001848E15D003E74E6 /* UIKit.framework */; };
		7DBCEB261848E15D003E74E6 /* InfoPlist.strings in Resources */ = {isa = PBXBuildFile; fileRef = 7DBCEB241848E15D003E74E6 /* InfoPlist.strings */; };
		7DBCEB281848E15D003E74E6 /* MapBoxOpacityTests.m in Sources */ = {isa = PBXBuildFile; fileRef = 7DBCEB271848E15D003E74E6 /* MapBoxOpacityTests.m */; };
/* End PBXBuildFile section */

/* Begin PBXContainerItemProxy section */
		7DBCEB1F1848E15D003E74E6 /* PBXContainerItemProxy */ = {
			isa = PBXContainerItemProxy;
			containerPortal = 7DBCEAF11848E15D003E74E6 /* Project object */;
			proxyType = 1;
			remoteGlobalIDString = 7DBCEAF81848E15D003E74E6;
			remoteInfo = MapBoxOpacity;
		};
/* End PBXContainerItemProxy section */

/* Begin PBXFileReference section */
		7DBCEAF91848E15D003E74E6 /* MapBoxOpacity.app */ = {isa = PBXFileReference; explicitFileType = wrapper.application; includeInIndex = 0; path = MapBoxOpacity.app; sourceTree = BUILT_PRODUCTS_DIR; };
		7DBCEAFC1848E15D003E74E6 /* Foundation.framework */ = {isa = PBXFileReference; lastKnownFileType = wrapper.framework; name = Foundation.framework; path = System/Library/Frameworks/Foundation.framework; sourceTree = SDKROOT; };
		7DBCEAFE1848E15D003E74E6 /* CoreGraphics.framework */ = {isa = PBXFileReference; lastKnownFileType = wrapper.framework; name = CoreGraphics.framework; path = System/Library/Frameworks/CoreGraphics.framework; sourceTree = SDKROOT; };
		7DBCEB001848E15D003E74E6 /* UIKit.framework */ = {isa = PBXFileReference; lastKnownFileType = wrapper.framework; name = UIKit.framework; path = System/Library/Frameworks/UIKit.framework; sourceTree = SDKROOT; };
		7DBCEB041848E15D003E74E6 /* MapBoxOpacity-Info.plist */ = {isa = PBXFileReference; lastKnownFileType = text.plist.xml; path = "MapBoxOpacity-Info.plist"; sourceTree = "<group>"; };
		7DBCEB061848E15D003E74E6 /* en */ = {isa = PBXFileReference; lastKnownFileType = text.plist.strings; name = en; path = en.lproj/InfoPlist.strings; sourceTree = "<group>"; };
		7DBCEB081848E15D003E74E6 /* main.m */ = {isa = PBXFileReference; lastKnownFileType = sourcecode.c.objc; path = main.m; sourceTree = "<group>"; };
		7DBCEB0A1848E15D003E74E6 /* MapBoxOpacity-Prefix.pch */ = {isa = PBXFileReference; lastKnownFileType = sourcecode.c.h; path = "MapBoxOpacity-Prefix.pch"; sourceTree = "<group>"; };
		7DBCEB0B1848E15D003E74E6 /* EDAppDelegate.h */ = {isa = PBXFileReference; lastKnownFileType = sourcecode.c.h; path = EDAppDelegate.h; sourceTree = "<group>"; };
		7DBCEB0C1848E15D003E74E6 /* EDAppDelegate.m */ = {isa = PBXFileReference; lastKnownFileType = sourcecode.c.objc; path = EDAppDelegate.m; sourceTree = "<group>"; };
		7DBCEB0F1848E15D003E74E6 /* Base */ = {isa = PBXFileReference; lastKnownFileType = file.storyboard; name = Base; path = Base.lproj/Main.storyboard; sourceTree = "<group>"; };
		7DBCEB111848E15D003E74E6 /* EDViewController.h */ = {isa = PBXFileReference; lastKnownFileType = sourcecode.c.h; path = EDViewController.h; sourceTree = "<group>"; };
		7DBCEB121848E15D003E74E6 /* EDViewController.m */ = {isa = PBXFileReference; lastKnownFileType = sourcecode.c.objc; path = EDViewController.m; sourceTree = "<group>"; };
		7DBCEB141848E15D003E74E6 /* Images.xcassets */ = {isa = PBXFileReference; lastKnownFileType = folder.assetcatalog; path = Images.xcassets; sourceTree = "<group>"; };
		7DBCEB1A1848E15D003E74E6 /* MapBoxOpacityTests.xctest */ = {isa = PBXFileReference; explicitFileType = wrapper.cfbundle; includeInIndex = 0; path = MapBoxOpacityTests.xctest; sourceTree = BUILT_PRODUCTS_DIR; };
		7DBCEB1B1848E15D003E74E6 /* XCTest.framework */ = {isa = PBXFileReference; lastKnownFileType = wrapper.framework; name = XCTest.framework; path = Library/Frameworks/XCTest.framework; sourceTree = DEVELOPER_DIR; };
		7DBCEB231848E15D003E74E6 /* MapBoxOpacityTests-Info.plist */ = {isa = PBXFileReference; lastKnownFileType = text.plist.xml; path = "MapBoxOpacityTests-Info.plist"; sourceTree = "<group>"; };
		7DBCEB251848E15D003E74E6 /* en */ = {isa = PBXFileReference; lastKnownFileType = text.plist.strings; name = en; path = en.lproj/InfoPlist.strings; sourceTree = "<group>"; };
		7DBCEB271848E15D003E74E6 /* MapBoxOpacityTests.m */ = {isa = PBXFileReference; lastKnownFileType = sourcecode.c.objc; path = MapBoxOpacityTests.m; sourceTree = "<group>"; };
/* End PBXFileReference section */

/* Begin PBXFrameworksBuildPhase section */
		7DBCEAF61848E15D003E74E6 /* Frameworks */ = {
			isa = PBXFrameworksBuildPhase;
			buildActionMask = 2147483647;
			files = (
				7DBCEAFF1848E15D003E74E6 /* CoreGraphics.framework in Frameworks */,
				7DBCEB011848E15D003E74E6 /* UIKit.framework in Frameworks */,
				7DBCEAFD1848E15D003E74E6 /* Foundation.framework in Frameworks */,
			);
			runOnlyForDeploymentPostprocessing = 0;
		};
		7DBCEB171848E15D003E74E6 /* Frameworks */ = {
			isa = PBXFrameworksBuildPhase;
			buildActionMask = 2147483647;
			files = (
				7DBCEB1C1848E15D003E74E6 /* XCTest.framework in Frameworks */,
				7DBCEB1E1848E15D003E74E6 /* UIKit.framework in Frameworks */,
				7DBCEB1D1848E15D003E74E6 /* Foundation.framework in Frameworks */,
			);
			runOnlyForDeploymentPostprocessing = 0;
		};
/* End PBXFrameworksBuildPhase section */

/* Begin PBXGroup section */
		7DBCEAF01848E15D003E74E6 = {
			isa = PBXGroup;
			children = (
				7DBCEB021848E15D003E74E6 /* MapBoxOpacity */,
				7DBCEB211848E15D003E74E6 /* MapBoxOpacityTests */,
				7DBCEAFB1848E15D003E74E6 /* Frameworks */,
				7DBCEAFA1848E15D003E74E6 /* Products */,
			);
			sourceTree = "<group>";
		};
		7DBCEAFA1848E15D003E74E6 /* Products */ = {
			isa = PBXGroup;
			children = (
				7DBCEAF91848E15D003E74E6 /* MapBoxOpacity.app */,
				7DBCEB1A1848E15D003E74E6 /* MapBoxOpacityTests.xctest */,
			);
			name = Products;
			sourceTree = "<group>";
		};
		7DBCEAFB1848E15D003E74E6 /* Frameworks */ = {
			isa = PBXGroup;
			children = (
				7DBCEAFC1848E15D003E74E6 /* Foundation.framework */,
				7DBCEAFE1848E15D003E74E6 /* CoreGraphics.framework */,
				7DBCEB001848E15D003E74E6 /* UIKit.framework */,
				7DBCEB1B1848E15D003E74E6 /* XCTest.framework */,
			);
			name = Frameworks;
			sourceTree = "<group>";
		};
		7DBCEB021848E15D003E74E6 /* MapBoxOpacity */ = {
			isa = PBXGroup;
			children = (
				7DBCEB0B1848E15D003E74E6 /* EDAppDelegate.h */,
				7DBCEB0C1848E15D003E74E6 /* EDAppDelegate.m */,
				7DBCEB0E1848E15D003E74E6 /* Main.storyboard */,
				7DBCEB111848E15D003E74E6 /* EDViewController.h */,
				7DBCEB121848E15D003E74E6 /* EDViewController.m */,
				7DBCEB141848E15D003E74E6 /* Images.xcassets */,
				7DBCEB031848E15D003E74E6 /* Supporting Files */,
			);
			path = MapBoxOpacity;
			sourceTree = "<group>";
		};
		7DBCEB031848E15D003E74E6 /* Supporting Files */ = {
			isa = PBXGroup;
			children = (
				7DBCEB041848E15D003E74E6 /* MapBoxOpacity-Info.plist */,
				7DBCEB051848E15D003E74E6 /* InfoPlist.strings */,
				7DBCEB081848E15D003E74E6 /* main.m */,
				7DBCEB0A1848E15D003E74E6 /* MapBoxOpacity-Prefix.pch */,
			);
			name = "Supporting Files";
			sourceTree = "<group>";
		};
		7DBCEB211848E15D003E74E6 /* MapBoxOpacityTests */ = {
			isa = PBXGroup;
			children = (
				7DBCEB271848E15D003E74E6 /* MapBoxOpacityTests.m */,
				7DBCEB221848E15D003E74E6 /* Supporting Files */,
			);
			path = MapBoxOpacityTests;
			sourceTree = "<group>";
		};
		7DBCEB221848E15D003E74E6 /* Supporting Files */ = {
			isa = PBXGroup;
			children = (
				7DBCEB231848E15D003E74E6 /* MapBoxOpacityTests-Info.plist */,
				7DBCEB241848E15D003E74E6 /* InfoPlist.strings */,
			);
			name = "Supporting Files";
			sourceTree = "<group>";
		};
/* End PBXGroup section */

/* Begin PBXNativeTarget section */
		7DBCEAF81848E15D003E74E6 /* MapBoxOpacity */ = {
			isa = PBXNativeTarget;
			buildConfigurationList = 7DBCEB2B1848E15D003E74E6 /* Build configuration list for PBXNativeTarget "MapBoxOpacity" */;
			buildPhases = (
				7DBCEAF51848E15D003E74E6 /* Sources */,
				7DBCEAF61848E15D003E74E6 /* Frameworks */,
				7DBCEAF71848E15D003E74E6 /* Resources */,
			);
			buildRules = (
			);
			dependencies = (
			);
			name = MapBoxOpacity;
			productName = MapBoxOpacity;
			productReference = 7DBCEAF91848E15D003E74E6 /* MapBoxOpacity.app */;
			productType = "com.apple.product-type.application";
		};
		7DBCEB191848E15D003E74E6 /* MapBoxOpacityTests */ = {
			isa = PBXNativeTarget;
			buildConfigurationList = 7DBCEB2E1848E15D003E74E6 /* Build configuration list for PBXNativeTarget "MapBoxOpacityTests" */;
			buildPhases = (
				7DBCEB161848E15D003E74E6 /* Sources */,
				7DBCEB171848E15D003E74E6 /* Frameworks */,
				7DBCEB181848E15D003E74E6 /* Resources */,
			);
			buildRules = (
			);
			dependencies = (
				7DBCEB201848E15D003E74E6 /* PBXTargetDependency */,
			);
			name = MapBoxOpacityTests;
			productName = MapBoxOpacityTests;
			productReference = 7DBCEB1A1848E15D003E74E6 /* MapBoxOpacityTests.xctest */;
			productType = "com.apple.product-type.bundle.unit-test";
		};
/* End PBXNativeTarget section */

/* Begin PBXProject section */
		7DBCEAF11848E15D003E74E6 /* Project object */ = {
			isa = PBXProject;
			attributes = {
				CLASSPREFIX = ED;
				LastUpgradeCheck = 0500;
				ORGANIZATIONNAME = Edina;
				TargetAttributes = {
					7DBCEB191848E15D003E74E6 = {
						TestTargetID = 7DBCEAF81848E15D003E74E6;
					};
				};
			};
			buildConfigurationList = 7DBCEAF41848E15D003E74E6 /* Build configuration list for PBXProject "MapBoxOpacity" */;
			compatibilityVersion = "Xcode 3.2";
			developmentRegion = English;
			hasScannedForEncodings = 0;
			knownRegions = (
				en,
				Base,
			);
			mainGroup = 7DBCEAF01848E15D003E74E6;
			productRefGroup = 7DBCEAFA1848E15D003E74E6 /* Products */;
			projectDirPath = "";
			projectRoot = "";
			targets = (
				7DBCEAF81848E15D003E74E6 /* MapBoxOpacity */,
				7DBCEB191848E15D003E74E6 /* MapBoxOpacityTests */,
			);
		};
/* End PBXProject section */

/* Begin PBXResourcesBuildPhase section */
		7DBCEAF71848E15D003E74E6 /* Resources */ = {
			isa = PBXResourcesBuildPhase;
			buildActionMask = 2147483647;
			files = (
				7DBCEB151848E15D003E74E6 /* Images.xcassets in Resources */,
				7DBCEB071848E15D003E74E6 /* InfoPlist.strings in Resources */,
				7DBCEB101848E15D003E74E6 /* Main.storyboard in Resources */,
			);
			runOnlyForDeploymentPostprocessing = 0;
		};
		7DBCEB181848E15D003E74E6 /* Resources */ = {
			isa = PBXResourcesBuildPhase;
			buildActionMask = 2147483647;
			files = (
				7DBCEB261848E15D003E74E6 /* InfoPlist.strings in Resources */,
			);
			runOnlyForDeploymentPostprocessing = 0;
		};
/* End PBXResourcesBuildPhase section */

/* Begin PBXSourcesBuildPhase section */
		7DBCEAF51848E15D003E74E6 /* Sources */ = {
			isa = PBXSourcesBuildPhase;
			buildActionMask = 2147483647;
			files = (
				7DBCEB131848E15D003E74E6 /* EDViewController.m in Sources */,
				7DBCEB091848E15D003E74E6 /* main.m in Sources */,
				7DBCEB0D1848E15D003E74E6 /* EDAppDelegate.m in Sources */,
			);
			runOnlyForDeploymentPostprocessing = 0;
		};
		7DBCEB161848E15D003E74E6 /* Sources */ = {
			isa = PBXSourcesBuildPhase;
			buildActionMask = 2147483647;
			files = (
				7DBCEB281848E15D003E74E6 /* MapBoxOpacityTests.m in Sources */,
			);
			runOnlyForDeploymentPostprocessing = 0;
		};
/* End PBXSourcesBuildPhase section */

/* Begin PBXTargetDependency section */
		7DBCEB201848E15D003E74E6 /* PBXTargetDependency */ = {
			isa = PBXTargetDependency;
			target = 7DBCEAF81848E15D003E74E6 /* MapBoxOpacity */;
			targetProxy = 7DBCEB1F1848E15D003E74E6 /* PBXContainerItemProxy */;
		};
/* End PBXTargetDependency section */

/* Begin PBXVariantGroup section */
		7DBCEB051848E15D003E74E6 /* InfoPlist.strings */ = {
			isa = PBXVariantGroup;
			children = (
				7DBCEB061848E15D003E74E6 /* en */,
			);
			name = InfoPlist.strings;
			sourceTree = "<group>";
		};
		7DBCEB0E1848E15D003E74E6 /* Main.storyboard */ = {
			isa = PBXVariantGroup;
			children = (
				7DBCEB0F1848E15D003E74E6 /* Base */,
			);
			name = Main.storyboard;
			sourceTree = "<group>";
		};
		7DBCEB241848E15D003E74E6 /* InfoPlist.strings */ = {
			isa = PBXVariantGroup;
			children = (
				7DBCEB251848E15D003E74E6 /* en */,
			);
			name = InfoPlist.strings;
			sourceTree = "<group>";
		};
/* End PBXVariantGroup section */

/* Begin XCBuildConfiguration section */
		7DBCEB291848E15D003E74E6 /* Debug */ = {
			isa = XCBuildConfiguration;
			buildSettings = {
				ALWAYS_SEARCH_USER_PATHS = NO;
				ARCHS = "$(ARCHS_STANDARD_INCLUDING_64_BIT)";
				CLANG_CXX_LANGUAGE_STANDARD = "gnu++0x";
				CLANG_CXX_LIBRARY = "libc++";
				CLANG_ENABLE_MODULES = YES;
				CLANG_ENABLE_OBJC_ARC = YES;
				CLANG_WARN_BOOL_CONVERSION = YES;
				CLANG_WARN_CONSTANT_CONVERSION = YES;
				CLANG_WARN_DIRECT_OBJC_ISA_USAGE = YES_ERROR;
				CLANG_WARN_EMPTY_BODY = YES;
				CLANG_WARN_ENUM_CONVERSION = YES;
				CLANG_WARN_INT_CONVERSION = YES;
				CLANG_WARN_OBJC_ROOT_CLASS = YES_ERROR;
				CLANG_WARN__DUPLICATE_METHOD_MATCH = YES;
				"CODE_SIGN_IDENTITY[sdk=iphoneos*]" = "iPhone Developer";
				COPY_PHASE_STRIP = NO;
				GCC_C_LANGUAGE_STANDARD = gnu99;
				GCC_DYNAMIC_NO_PIC = NO;
				GCC_OPTIMIZATION_LEVEL = 0;
				GCC_PREPROCESSOR_DEFINITIONS = (
					"DEBUG=1",
					"$(inherited)",
				);
				GCC_SYMBOLS_PRIVATE_EXTERN = NO;
				GCC_WARN_64_TO_32_BIT_CONVERSION = YES;
				GCC_WARN_ABOUT_RETURN_TYPE = YES_ERROR;
				GCC_WARN_UNDECLARED_SELECTOR = YES;
				GCC_WARN_UNINITIALIZED_AUTOS = YES;
				GCC_WARN_UNUSED_FUNCTION = YES;
				GCC_WARN_UNUSED_VARIABLE = YES;
				IPHONEOS_DEPLOYMENT_TARGET = 7.0;
				ONLY_ACTIVE_ARCH = YES;
				SDKROOT = iphoneos;
			};
			name = Debug;
		};
		7DBCEB2A1848E15D003E74E6 /* Release */ = {
			isa = XCBuildConfiguration;
			buildSettings = {
				ALWAYS_SEARCH_USER_PATHS = NO;
				ARCHS = "$(ARCHS_STANDARD_INCLUDING_64_BIT)";
				CLANG_CXX_LANGUAGE_STANDARD = "gnu++0x";
				CLANG_CXX_LIBRARY = "libc++";
				CLANG_ENABLE_MODULES = YES;
				CLANG_ENABLE_OBJC_ARC = YES;
				CLANG_WARN_BOOL_CONVERSION = YES;
				CLANG_WARN_CONSTANT_CONVERSION = YES;
				CLANG_WARN_DIRECT_OBJC_ISA_USAGE = YES_ERROR;
				CLANG_WARN_EMPTY_BODY = YES;
				CLANG_WARN_ENUM_CONVERSION = YES;
				CLANG_WARN_INT_CONVERSION = YES;
				CLANG_WARN_OBJC_ROOT_CLASS = YES_ERROR;
				CLANG_WARN__DUPLICATE_METHOD_MATCH = YES;
				"CODE_SIGN_IDENTITY[sdk=iphoneos*]" = "iPhone Developer";
				COPY_PHASE_STRIP = YES;
				ENABLE_NS_ASSERTIONS = NO;
				GCC_C_LANGUAGE_STANDARD = gnu99;
				GCC_WARN_64_TO_32_BIT_CONVERSION = YES;
				GCC_WARN_ABOUT_RETURN_TYPE = YES_ERROR;
				GCC_WARN_UNDECLARED_SELECTOR = YES;
				GCC_WARN_UNINITIALIZED_AUTOS = YES;
				GCC_WARN_UNUSED_FUNCTION = YES;
				GCC_WARN_UNUSED_VARIABLE = YES;
				IPHONEOS_DEPLOYMENT_TARGET = 7.0;
				SDKROOT = iphoneos;
				VALIDATE_PRODUCT = YES;
			};
			name = Release;
		};
		7DBCEB2C1848E15D003E74E6 /* Debug */ = {
			isa = XCBuildConfiguration;
			buildSettings = {
				ASSETCATALOG_COMPILER_APPICON_NAME = AppIcon;
				ASSETCATALOG_COMPILER_LAUNCHIMAGE_NAME = LaunchImage;
				GCC_PRECOMPILE_PREFIX_HEADER = YES;
				GCC_PREFIX_HEADER = "MapBoxOpacity/MapBoxOpacity-Prefix.pch";
				INFOPLIST_FILE = "MapBoxOpacity/MapBoxOpacity-Info.plist";
				PRODUCT_NAME = "$(TARGET_NAME)";
				WRAPPER_EXTENSION = app;
			};
			name = Debug;
		};
		7DBCEB2D1848E15D003E74E6 /* Release */ = {
			isa = XCBuildConfiguration;
			buildSettings = {
				ASSETCATALOG_COMPILER_APPICON_NAME = AppIcon;
				ASSETCATALOG_COMPILER_LAUNCHIMAGE_NAME = LaunchImage;
				GCC_PRECOMPILE_PREFIX_HEADER = YES;
				GCC_PREFIX_HEADER = "MapBoxOpacity/MapBoxOpacity-Prefix.pch";
				INFOPLIST_FILE = "MapBoxOpacity/MapBoxOpacity-Info.plist";
				PRODUCT_NAME = "$(TARGET_NAME)";
				WRAPPER_EXTENSION = app;
			};
			name = Release;
		};
		7DBCEB2F1848E15D003E74E6 /* Debug */ = {
			isa = XCBuildConfiguration;
			buildSettings = {
				ARCHS = "$(ARCHS_STANDARD_INCLUDING_64_BIT)";
				BUNDLE_LOADER = "$(BUILT_PRODUCTS_DIR)/MapBoxOpacity.app/MapBoxOpacity";
				FRAMEWORK_SEARCH_PATHS = (
					"$(SDKROOT)/Developer/Library/Frameworks",
					"$(inherited)",
					"$(DEVELOPER_FRAMEWORKS_DIR)",
				);
				GCC_PRECOMPILE_PREFIX_HEADER = YES;
				GCC_PREFIX_HEADER = "MapBoxOpacity/MapBoxOpacity-Prefix.pch";
				GCC_PREPROCESSOR_DEFINITIONS = (
					"DEBUG=1",
					"$(inherited)",
				);
				INFOPLIST_FILE = "MapBoxOpacityTests/MapBoxOpacityTests-Info.plist";
				PRODUCT_NAME = "$(TARGET_NAME)";
				TEST_HOST = "$(BUNDLE_LOADER)";
				WRAPPER_EXTENSION = xctest;
			};
			name = Debug;
		};
		7DBCEB301848E15D003E74E6 /* Release */ = {
			isa = XCBuildConfiguration;
			buildSettings = {
				ARCHS = "$(ARCHS_STANDARD_INCLUDING_64_BIT)";
				BUNDLE_LOADER = "$(BUILT_PRODUCTS_DIR)/MapBoxOpacity.app/MapBoxOpacity";
				FRAMEWORK_SEARCH_PATHS = (
					"$(SDKROOT)/Developer/Library/Frameworks",
					"$(inherited)",
					"$(DEVELOPER_FRAMEWORKS_DIR)",
				);
				GCC_PRECOMPILE_PREFIX_HEADER = YES;
				GCC_PREFIX_HEADER = "MapBoxOpacity/MapBoxOpacity-Prefix.pch";
				INFOPLIST_FILE = "MapBoxOpacityTests/MapBoxOpacityTests-Info.plist";
				PRODUCT_NAME = "$(TARGET_NAME)";
				TEST_HOST = "$(BUNDLE_LOADER)";
				WRAPPER_EXTENSION = xctest;
			};
			name = Release;
		};
/* End XCBuildConfiguration section */

/* Begin XCConfigurationList section */
		7DBCEAF41848E15D003E74E6 /* Build configuration list for PBXProject "MapBoxOpacity" */ = {
			isa = XCConfigurationList;
			buildConfigurations = (
				7DBCEB291848E15D003E74E6 /* Debug */,
				7DBCEB2A1848E15D003E74E6 /* Release */,
			);
			defaultConfigurationIsVisible = 0;
			defaultConfigurationName = Release;
		};
		7DBCEB2B1848E15D003E74E6 /* Build configuration list for PBXNativeTarget "MapBoxOpacity" */ = {
			isa = XCConfigurationList;
			buildConfigurations = (
				7DBCEB2C1848E15D003E74E6 /* Debug */,
				7DBCEB2D1848E15D003E74E6 /* Release */,
			);
			defaultConfigurationIsVisible = 0;
		};
		7DBCEB2E1848E15D003E74E6 /* Build configuration list for PBXNativeTarget "MapBoxOpacityTests" */ = {
			isa = XCConfigurationList;
			buildConfigurations = (
				7DBCEB2F1848E15D003E74E6 /* Debug */,
				7DBCEB301848E15D003E74E6 /* Release */,
			);
			defaultConfigurationIsVisible = 0;
		};
/* End XCConfigurationList section */
	};
	rootObject = 7DBCEAF11848E15D003E74E6 /* Project object */;
}
